DEPENDENCIES
  application_javascript
  nodejs

GRAPH
  application (5.1.0)
    poise (~> 2.4)
    poise-service (~> 1.0)
  application_javascript (1.0.0)
    application (~> 5.0)
    poise (~> 2.0)
    poise-javascript (~> 1.0)
    poise-service (~> 1.0)
  apt (4.0.1)
    compat_resource (>= 12.10)
  ark (1.1.0)
    build-essential (>= 0.0.0)
    seven_zip (>= 0.0.0)
    windows (>= 0.0.0)
  build-essential (6.0.0)
    compat_resource (>= 12.10)
    mingw (>= 1.1)
    seven_zip (>= 0.0.0)
  chef_handler (1.4.0)
  compat_resource (12.10.6)
  homebrew (2.1.0)
    build-essential (>= 2.1.2)
  mingw (1.2.2)
    compat_resource (>= 0.0.0)
    seven_zip (>= 0.0.0)
  nodejs (2.4.4)
    apt (>= 0.0.0)
    ark (>= 0.0.0)
    build-essential (>= 0.0.0)
    homebrew (>= 0.0.0)
    yum-epel (>= 0.0.0)
  poise (2.7.1)
  poise-archive (1.2.0)
    poise (~> 2.6)
  poise-javascript (1.0.1)
    poise (~> 2.0)
    poise-languages (~> 1.2)
  poise-languages (1.4.0)
    poise (~> 2.5)
    poise-archive (~> 1.0)
  poise-service (1.3.1)
    poise (~> 2.0)
  seven_zip (2.0.1)
    windows (>= 1.2.2)
  windows (1.44.1)
    chef_handler (>= 0.0.0)
  yum (3.11.0)
  yum-epel (0.7.0)
    yum (>= 3.6.3)
